{
  "name": "sciencevedas",
  "version": "1.0.0",
  "lockfileVersion": 1,
  "requires": true,
  "dependencies": {
    "isotope-abundances": {
      "version": "2.0.4",
      "resolved": "https://registry.npmjs.org/isotope-abundances/-/isotope-abundances-2.0.4.tgz",
      "integrity": "sha512-0Pidkj2SLgz2aLyPJ6nNL2+C5WKtLC1IurlK9tVnFRRjLsBMajuqkZrtFlJAKykme3yXQE+vxAXASkBj5+eCPA=="
    },
    "periodic-table": {
      "version": "0.0.8",
      "resolved": "https://registry.npmjs.org/periodic-table/-/periodic-table-0.0.8.tgz",
      "integrity": "sha1-qkl9u/WpfCP3eRrqaquzDfGW6Fg="
    }
  }
}
